
Microsoft Visual Studio Solution File, Format Version 12.00
# Visual Studio Version 16
VisualStudioVersion = 16.0.30925.312
MinimumVisualStudioVersion = 10.0.40219.1
Project("{FAE04EC0-301F-11D3-BF4B-00C04F79EFBC}") = "DownLoad.Server", "DownLoad.Server\DownLoad.Server.csproj", "{D1BC96AE-B4C0-4AD7-B730-30C85279D57F}"
EndProject
Global
	GlobalSection(SolutionConfigurationPlatforms) = preSolution
		Debug|Any CPU = Debug|Any CPU
		Release|Any CPU = Release|Any CPU
	EndGlobalSection
	GlobalSection(ProjectConfigurationPlatforms) = postSolution
		{D1BC96AE-B4C0-4AD7-B730-30C85279D57F}.Debug|Any CPU.ActiveCfg = Debug|Any CPU
		{D1BC96AE-B4C0-4AD7-B730-30C85279D57F}.Debug|Any CPU.Build.0 = Debug|Any CPU
		{D1BC96AE-B4C0-4AD7-B730-30C85279D57F}.Release|Any CPU.ActiveCfg = Release|Any CPU
		{D1BC96AE-B4C0-4AD7-B730-30C85279D57F}.Release|Any CPU.Build.0 = Release|Any CPU
	EndGlobalSection
	GlobalSection(SolutionProperties) = preSolution
		HideSolutionNode = FALSE
	EndGlobalSection
	GlobalSection(ExtensibilityGlobals) = postSolution
		SolutionGuid = {6E3A2D09-F90B-4851-8631-56B702FF1678}
	EndGlobalSection
EndGlobal
